{
  "version": 4,
  "terraform_version": "1.14.3",
  "serial": 22,
  "lineage": "37f2276a-0f96-78ce-29e3-c4df35f0e1a4",
  "outputs": {},
  "resources": [
    {
      "mode": "managed",
      "type": "azurerm_linux_virtual_machine",
      "name": "vm_tf",
      "provider": "provider[\"registry.terraform.io/hashicorp/azurerm\"]",
      "instances": [
        {
          "schema_version": 0,
          "attributes": {
            "additional_capabilities": [],
            "admin_password": null,
            "admin_ssh_key": [
              {
                "public_key": "ssh-rsa AAAAB3NzaC1yc2EAAAADAQABAAABgQCxowVUayt++eeOGObmnIs1TmsmvQEq3MvuRAXSmAPfZ57oz7tVFFI9oPGK+PViP8TUPyfpiORGiQWuiQNlWIab6pe0x50n/Xp3ubxU9mWDRrnw1juSlpvoZaDr+F4dFIPxdSozhe3w21wltKljkksXDNIcOfr1XoAEP/kWHvhRuK8ShvpMHj8TGNa8cgkQxDsRQ6d8ShPbq503eyaZuMmZR6816Mx0256IiFmXI66KTLGTqQtO3UCMV7YWYCsh36yAClM1R89jVR+bGDra4Gg97l5FGI7PVopM57EgH1QmPl3EvOs7P4sx/p7geuTUi29vWgnhNbpMhtqNq5waPXYwZVKY7V4VboPHZliyPY1EJzRY7ZgwyvHC7v+mMQhmJbHnCG8GSYSzHDLiackZg6gRLCy/HEEiRYFVOcQqTV7aCTc35gFEyCZBkISWr66nQA5vg+p5v0+LHiV3/rlSHv2s93Hrd70PSo6INKpCbkdKIGDR5bXjtCDawF0r2r/3gfE= bond008@Omen16suri\n",
                "username": "azureuser"
              }
            ],
            "admin_username": "azureuser",
            "allow_extension_operations": true,
            "availability_set_id": "",
            "boot_diagnostics": [],
            "bypass_platform_safety_checks_on_user_schedule_enabled": false,
            "capacity_reservation_group_id": "",
            "computer_name": "vm-tf-suraj",
            "custom_data": null,
            "dedicated_host_group_id": "",
            "dedicated_host_id": "",
            "disable_password_authentication": true,
            "disk_controller_type": "",
            "edge_zone": "",
            "encryption_at_host_enabled": false,
            "eviction_policy": "",
            "extensions_time_budget": "PT1H30M",
            "gallery_application": [],
            "id": "/subscriptions/6a6991ac-13fa-4cad-8cb4-87d94302dd32/resourceGroups/surajABC/providers/Microsoft.Compute/virtualMachines/vm-tf-suraj",
            "identity": [],
            "license_type": "",
            "location": "koreacentral",
            "max_bid_price": -1,
            "name": "vm-tf-suraj",
            "network_interface_ids": [
              "/subscriptions/6a6991ac-13fa-4cad-8cb4-87d94302dd32/resourceGroups/surajABC/providers/Microsoft.Network/networkInterfaces/tf-nic-suraj"
            ],
            "os_disk": [
              {
                "caching": "ReadWrite",
                "diff_disk_settings": [],
                "disk_encryption_set_id": "",
                "disk_size_gb": 30,
                "id": "/subscriptions/6a6991ac-13fa-4cad-8cb4-87d94302dd32/resourceGroups/surajABC/providers/Microsoft.Compute/disks/vm-tf-suraj-osdisk",
                "name": "vm-tf-suraj-osdisk",
                "secure_vm_disk_encryption_set_id": "",
                "security_encryption_type": "",
                "storage_account_type": "Standard_LRS",
                "write_accelerator_enabled": false
              }
            ],
            "os_image_notification": [],
            "os_managed_disk_id": "/subscriptions/6a6991ac-13fa-4cad-8cb4-87d94302dd32/resourceGroups/surajABC/providers/Microsoft.Compute/disks/vm-tf-suraj-osdisk",
            "patch_assessment_mode": "ImageDefault",
            "patch_mode": "ImageDefault",
            "plan": [],
            "platform_fault_domain": -1,
            "priority": "Regular",
            "private_ip_address": "10.8.7.4",
            "private_ip_addresses": [
              "10.8.7.4"
            ],
            "provision_vm_agent": true,
            "proximity_placement_group_id": "",
            "public_ip_address": "4.218.21.5",
            "public_ip_addresses": [
              "4.218.21.5"
            ],
            "reboot_setting": "",
            "resource_group_name": "surajABC",
            "secret": [],
            "secure_boot_enabled": false,
            "size": "Standard_B2ts_v2",
            "source_image_id": "",
            "source_image_reference": [
              {
                "offer": "0001-com-ubuntu-server-jammy",
                "publisher": "Canonical",
                "sku": "22_04-lts",
                "version": "latest"
              }
            ],
            "tags": {},
            "termination_notification": [],
            "timeouts": null,
            "user_data": "",
            "virtual_machine_id": "4950ab0d-a57e-4659-a6f0-ccf0c5fe9807",
            "virtual_machine_scale_set_id": "",
            "vm_agent_platform_updates_enabled": false,
            "vtpm_enabled": false,
            "zone": ""
          },
          "sensitive_attributes": [
            [
              {
                "type": "get_attr",
                "value": "admin_password"
              }
            ],
            [
              {
                "type": "get_attr",
                "value": "custom_data"
              }
            ]
          ],
          "identity_schema_version": 0,
          "private": "eyJlMmJmYjczMC1lY2FhLTExZTYtOGY4OC0zNDM2M2JjN2M0YzAiOnsiY3JlYXRlIjoyNzAwMDAwMDAwMDAwLCJkZWxldGUiOjI3MDAwMDAwMDAwMDAsInJlYWQiOjMwMDAwMDAwMDAwMCwidXBkYXRlIjoyNzAwMDAwMDAwMDAwfX0=",
          "dependencies": [
            "azurerm_network_interface.nic",
            "azurerm_public_ip.pip",
            "azurerm_resource_group.rg",
            "azurerm_ssh_public_key.ssh-ss",
            "azurerm_subnet.subnet",
            "azurerm_virtual_network.vnet-suraj"
          ]
        }
      ]
    },
    {
      "mode": "managed",
      "type": "azurerm_network_interface",
      "name": "nic",
      "provider": "provider[\"registry.terraform.io/hashicorp/azurerm\"]",
      "instances": [
        {
          "schema_version": 0,
          "attributes": {
            "accelerated_networking_enabled": false,
            "applied_dns_servers": [],
            "auxiliary_mode": "",
            "auxiliary_sku": "",
            "dns_servers": [],
            "edge_zone": "",
            "id": "/subscriptions/6a6991ac-13fa-4cad-8cb4-87d94302dd32/resourceGroups/surajABC/providers/Microsoft.Network/networkInterfaces/tf-nic-suraj",
            "internal_dns_name_label": "",
            "internal_domain_name_suffix": "rntr5rdihgwehds0izrsgnyj5g.syx.internal.cloudapp.net",
            "ip_configuration": [
              {
                "gateway_load_balancer_frontend_ip_configuration_id": "",
                "name": "internal",
                "primary": true,
                "private_ip_address": "10.8.7.4",
                "private_ip_address_allocation": "Dynamic",
                "private_ip_address_version": "IPv4",
                "public_ip_address_id": "/subscriptions/6a6991ac-13fa-4cad-8cb4-87d94302dd32/resourceGroups/surajABC/providers/Microsoft.Network/publicIPAddresses/tf-pip-suraj",
                "subnet_id": "/subscriptions/6a6991ac-13fa-4cad-8cb4-87d94302dd32/resourceGroups/surajABC/providers/Microsoft.Network/virtualNetworks/tf_vnet_suraj/subnets/surajsubnet-1"
              }
            ],
            "ip_forwarding_enabled": false,
            "location": "koreacentral",
            "mac_address": "7C-ED-8D-F8-70-DF",
            "name": "tf-nic-suraj",
            "private_ip_address": "10.8.7.4",
            "private_ip_addresses": [
              "10.8.7.4"
            ],
            "resource_group_name": "surajABC",
            "tags": {},
            "timeouts": null,
            "virtual_machine_id": "/subscriptions/6a6991ac-13fa-4cad-8cb4-87d94302dd32/resourceGroups/surajABC/providers/Microsoft.Compute/virtualMachines/vm-tf-suraj"
          },
          "sensitive_attributes": [],
          "identity_schema_version": 0,
          "identity": {
            "name": "tf-nic-suraj",
            "resource_group_name": "surajABC",
            "subscription_id": "6a6991ac-13fa-4cad-8cb4-87d94302dd32"
          },
          "private": "eyJlMmJmYjczMC1lY2FhLTExZTYtOGY4OC0zNDM2M2JjN2M0YzAiOnsiY3JlYXRlIjoxODAwMDAwMDAwMDAwLCJkZWxldGUiOjE4MDAwMDAwMDAwMDAsInJlYWQiOjMwMDAwMDAwMDAwMCwidXBkYXRlIjoxODAwMDAwMDAwMDAwfX0=",
          "dependencies": [
            "azurerm_public_ip.pip",
            "azurerm_resource_group.rg",
            "azurerm_subnet.subnet",
            "azurerm_virtual_network.vnet-suraj"
          ]
        }
      ]
    },
    {
      "mode": "managed",
      "type": "azurerm_network_interface_security_group_association",
      "name": "nsg_nic",
      "provider": "provider[\"registry.terraform.io/hashicorp/azurerm\"]",
      "instances": [
        {
          "schema_version": 0,
          "attributes": {
            "id": "/subscriptions/6a6991ac-13fa-4cad-8cb4-87d94302dd32/resourceGroups/surajABC/providers/Microsoft.Network/networkInterfaces/tf-nic-suraj|/subscriptions/6a6991ac-13fa-4cad-8cb4-87d94302dd32/resourceGroups/surajABC/providers/Microsoft.Network/networkSecurityGroups/tf-nsg-suraj",
            "network_interface_id": "/subscriptions/6a6991ac-13fa-4cad-8cb4-87d94302dd32/resourceGroups/surajABC/providers/Microsoft.Network/networkInterfaces/tf-nic-suraj",
            "network_security_group_id": "/subscriptions/6a6991ac-13fa-4cad-8cb4-87d94302dd32/resourceGroups/surajABC/providers/Microsoft.Network/networkSecurityGroups/tf-nsg-suraj",
            "timeouts": null
          },
          "sensitive_attributes": [],
          "identity_schema_version": 0,
          "private": "eyJlMmJmYjczMC1lY2FhLTExZTYtOGY4OC0zNDM2M2JjN2M0YzAiOnsiY3JlYXRlIjoxODAwMDAwMDAwMDAwLCJkZWxldGUiOjE4MDAwMDAwMDAwMDAsInJlYWQiOjMwMDAwMDAwMDAwMH19",
          "dependencies": [
            "azurerm_network_interface.nic",
            "azurerm_network_security_group.nsg",
            "azurerm_public_ip.pip",
            "azurerm_resource_group.rg",
            "azurerm_subnet.subnet",
            "azurerm_virtual_network.vnet-suraj"
          ]
        }
      ]
    },
    {
      "mode": "managed",
      "type": "azurerm_network_security_group",
      "name": "nsg",
      "provider": "provider[\"registry.terraform.io/hashicorp/azurerm\"]",
      "instances": [
        {
          "schema_version": 0,
          "attributes": {
            "id": "/subscriptions/6a6991ac-13fa-4cad-8cb4-87d94302dd32/resourceGroups/surajABC/providers/Microsoft.Network/networkSecurityGroups/tf-nsg-suraj",
            "location": "koreacentral",
            "name": "tf-nsg-suraj",
            "resource_group_name": "surajABC",
            "security_rule": [
              {
                "access": "Allow",
                "description": "",
                "destination_address_prefix": "*",
                "destination_address_prefixes": [],
                "destination_application_security_group_ids": [],
                "destination_port_range": "22",
                "destination_port_ranges": [],
                "direction": "Inbound",
                "name": "allow-ssh",
                "priority": 100,
                "protocol": "Tcp",
                "source_address_prefix": "*",
                "source_address_prefixes": [],
                "source_application_security_group_ids": [],
                "source_port_range": "*",
                "source_port_ranges": []
              }
            ],
            "tags": {
              "environment": "Production"
            },
            "timeouts": null
          },
          "sensitive_attributes": [],
          "identity_schema_version": 0,
          "identity": {
            "name": "tf-nsg-suraj",
            "resource_group_name": "surajABC",
            "subscription_id": "6a6991ac-13fa-4cad-8cb4-87d94302dd32"
          },
          "private": "eyJlMmJmYjczMC1lY2FhLTExZTYtOGY4OC0zNDM2M2JjN2M0YzAiOnsiY3JlYXRlIjoxODAwMDAwMDAwMDAwLCJkZWxldGUiOjE4MDAwMDAwMDAwMDAsInJlYWQiOjMwMDAwMDAwMDAwMCwidXBkYXRlIjoxODAwMDAwMDAwMDAwfX0=",
          "dependencies": [
            "azurerm_resource_group.rg"
          ]
        }
      ]
    },
    {
      "mode": "managed",
      "type": "azurerm_public_ip",
      "name": "pip",
      "provider": "provider[\"registry.terraform.io/hashicorp/azurerm\"]",
      "instances": [
        {
          "schema_version": 0,
          "attributes": {
            "allocation_method": "Static",
            "ddos_protection_mode": "VirtualNetworkInherited",
            "ddos_protection_plan_id": null,
            "domain_name_label": null,
            "domain_name_label_scope": null,
            "edge_zone": "",
            "fqdn": null,
            "id": "/subscriptions/6a6991ac-13fa-4cad-8cb4-87d94302dd32/resourceGroups/surajABC/providers/Microsoft.Network/publicIPAddresses/tf-pip-suraj",
            "idle_timeout_in_minutes": 4,
            "ip_address": "4.218.21.5",
            "ip_tags": {},
            "ip_version": "IPv4",
            "location": "koreacentral",
            "name": "tf-pip-suraj",
            "public_ip_prefix_id": null,
            "resource_group_name": "surajABC",
            "reverse_fqdn": null,
            "sku": "Standard",
            "sku_tier": "Regional",
            "tags": {},
            "timeouts": null,
            "zones": []
          },
          "sensitive_attributes": [],
          "identity_schema_version": 0,
          "private": "eyJlMmJmYjczMC1lY2FhLTExZTYtOGY4OC0zNDM2M2JjN2M0YzAiOnsiY3JlYXRlIjoxODAwMDAwMDAwMDAwLCJkZWxldGUiOjE4MDAwMDAwMDAwMDAsInJlYWQiOjMwMDAwMDAwMDAwMCwidXBkYXRlIjoxODAwMDAwMDAwMDAwfX0=",
          "dependencies": [
            "azurerm_resource_group.rg"
          ]
        }
      ]
    },
    {
      "mode": "managed",
      "type": "azurerm_resource_group",
      "name": "rg",
      "provider": "provider[\"registry.terraform.io/hashicorp/azurerm\"]",
      "instances": [
        {
          "schema_version": 0,
          "attributes": {
            "id": "/subscriptions/6a6991ac-13fa-4cad-8cb4-87d94302dd32/resourceGroups/surajABC",
            "location": "koreacentral",
            "managed_by": "",
            "name": "surajABC",
            "tags": {},
            "timeouts": null
          },
          "sensitive_attributes": [],
          "identity_schema_version": 0,
          "identity": {
            "name": "surajABC",
            "subscription_id": "6a6991ac-13fa-4cad-8cb4-87d94302dd32"
          },
          "private": "eyJlMmJmYjczMC1lY2FhLTExZTYtOGY4OC0zNDM2M2JjN2M0YzAiOnsiY3JlYXRlIjo1NDAwMDAwMDAwMDAwLCJkZWxldGUiOjU0MDAwMDAwMDAwMDAsInJlYWQiOjMwMDAwMDAwMDAwMCwidXBkYXRlIjo1NDAwMDAwMDAwMDAwfX0="
        }
      ]
    },
    {
      "mode": "managed",
      "type": "azurerm_ssh_public_key",
      "name": "ssh-ss",
      "provider": "provider[\"registry.terraform.io/hashicorp/azurerm\"]",
      "instances": [
        {
          "schema_version": 0,
          "attributes": {
            "id": "/subscriptions/6a6991ac-13fa-4cad-8cb4-87d94302dd32/resourceGroups/surajABC/providers/Microsoft.Compute/sshPublicKeys/ssh-ss",
            "location": "koreacentral",
            "name": "ssh-ss",
            "public_key": "ssh-rsa AAAAB3NzaC1yc2EAAAADAQABAAABgQCxowVUayt++eeOGObmnIs1TmsmvQEq3MvuRAXSmAPfZ57oz7tVFFI9oPGK+PViP8TUPyfpiORGiQWuiQNlWIab6pe0x50n/Xp3ubxU9mWDRrnw1juSlpvoZaDr+F4dFIPxdSozhe3w21wltKljkksXDNIcOfr1XoAEP/kWHvhRuK8ShvpMHj8TGNa8cgkQxDsRQ6d8ShPbq503eyaZuMmZR6816Mx0256IiFmXI66KTLGTqQtO3UCMV7YWYCsh36yAClM1R89jVR+bGDra4Gg97l5FGI7PVopM57EgH1QmPl3EvOs7P4sx/p7geuTUi29vWgnhNbpMhtqNq5waPXYwZVKY7V4VboPHZliyPY1EJzRY7ZgwyvHC7v+mMQhmJbHnCG8GSYSzHDLiackZg6gRLCy/HEEiRYFVOcQqTV7aCTc35gFEyCZBkISWr66nQA5vg+p5v0+LHiV3/rlSHv2s93Hrd70PSo6INKpCbkdKIGDR5bXjtCDawF0r2r/3gfE= bond008@Omen16suri\n",
            "resource_group_name": "surajABC",
            "tags": {},
            "timeouts": null
          },
          "sensitive_attributes": [],
          "identity_schema_version": 0,
          "private": "eyJlMmJmYjczMC1lY2FhLTExZTYtOGY4OC0zNDM2M2JjN2M0YzAiOnsiY3JlYXRlIjoyNzAwMDAwMDAwMDAwLCJkZWxldGUiOjI3MDAwMDAwMDAwMDAsInJlYWQiOjMwMDAwMDAwMDAwMCwidXBkYXRlIjoyNzAwMDAwMDAwMDAwfX0=",
          "dependencies": [
            "azurerm_resource_group.rg"
          ]
        }
      ]
    },
    {
      "mode": "managed",
      "type": "azurerm_subnet",
      "name": "subnet",
      "provider": "provider[\"registry.terraform.io/hashicorp/azurerm\"]",
      "instances": [
        {
          "index_key": 0,
          "schema_version": 0,
          "attributes": {
            "address_prefixes": [
              "10.8.7.0/24"
            ],
            "default_outbound_access_enabled": true,
            "delegation": [],
            "id": "/subscriptions/6a6991ac-13fa-4cad-8cb4-87d94302dd32/resourceGroups/surajABC/providers/Microsoft.Network/virtualNetworks/tf_vnet_suraj/subnets/surajsubnet-1",
            "ip_address_pool": [],
            "name": "surajsubnet-1",
            "private_endpoint_network_policies": "Disabled",
            "private_link_service_network_policies_enabled": true,
            "resource_group_name": "surajABC",
            "service_endpoint_policy_ids": [],
            "service_endpoints": [],
            "sharing_scope": "",
            "timeouts": null,
            "virtual_network_name": "tf_vnet_suraj"
          },
          "sensitive_attributes": [],
          "identity_schema_version": 0,
          "identity": {
            "name": "surajsubnet-1",
            "resource_group_name": "surajABC",
            "subscription_id": "6a6991ac-13fa-4cad-8cb4-87d94302dd32",
            "virtual_network_name": "tf_vnet_suraj"
          },
          "private": "eyJlMmJmYjczMC1lY2FhLTExZTYtOGY4OC0zNDM2M2JjN2M0YzAiOnsiY3JlYXRlIjoxODAwMDAwMDAwMDAwLCJkZWxldGUiOjE4MDAwMDAwMDAwMDAsInJlYWQiOjMwMDAwMDAwMDAwMCwidXBkYXRlIjoxODAwMDAwMDAwMDAwfX0=",
          "dependencies": [
            "azurerm_resource_group.rg",
            "azurerm_virtual_network.vnet-suraj"
          ]
        },
        {
          "index_key": 1,
          "schema_version": 0,
          "attributes": {
            "address_prefixes": [
              "10.8.8.0/24"
            ],
            "default_outbound_access_enabled": true,
            "delegation": [],
            "id": "/subscriptions/6a6991ac-13fa-4cad-8cb4-87d94302dd32/resourceGroups/surajABC/providers/Microsoft.Network/virtualNetworks/tf_vnet_suraj/subnets/surajsubnet-2",
            "ip_address_pool": [],
            "name": "surajsubnet-2",
            "private_endpoint_network_policies": "Disabled",
            "private_link_service_network_policies_enabled": true,
            "resource_group_name": "surajABC",
            "service_endpoint_policy_ids": [],
            "service_endpoints": [],
            "sharing_scope": "",
            "timeouts": null,
            "virtual_network_name": "tf_vnet_suraj"
          },
          "sensitive_attributes": [],
          "identity_schema_version": 0,
          "identity": {
            "name": "surajsubnet-2",
            "resource_group_name": "surajABC",
            "subscription_id": "6a6991ac-13fa-4cad-8cb4-87d94302dd32",
            "virtual_network_name": "tf_vnet_suraj"
          },
          "private": "eyJlMmJmYjczMC1lY2FhLTExZTYtOGY4OC0zNDM2M2JjN2M0YzAiOnsiY3JlYXRlIjoxODAwMDAwMDAwMDAwLCJkZWxldGUiOjE4MDAwMDAwMDAwMDAsInJlYWQiOjMwMDAwMDAwMDAwMCwidXBkYXRlIjoxODAwMDAwMDAwMDAwfX0=",
          "dependencies": [
            "azurerm_resource_group.rg",
            "azurerm_virtual_network.vnet-suraj"
          ]
        }
      ]
    },
    {
      "mode": "managed",
      "type": "azurerm_virtual_network",
      "name": "vnet-suraj",
      "provider": "provider[\"registry.terraform.io/hashicorp/azurerm\"]",
      "instances": [
        {
          "schema_version": 0,
          "attributes": {
            "address_space": [
              "10.8.0.0/16"
            ],
            "bgp_community": "",
            "ddos_protection_plan": [],
            "dns_servers": [],
            "edge_zone": "",
            "encryption": [],
            "flow_timeout_in_minutes": 0,
            "guid": "c41f678b-3968-43ac-8e5a-4663233709fe",
            "id": "/subscriptions/6a6991ac-13fa-4cad-8cb4-87d94302dd32/resourceGroups/surajABC/providers/Microsoft.Network/virtualNetworks/tf_vnet_suraj",
            "ip_address_pool": [],
            "location": "koreacentral",
            "name": "tf_vnet_suraj",
            "private_endpoint_vnet_policies": "Disabled",
            "resource_group_name": "surajABC",
            "subnet": [
              {
                "address_prefixes": [
                  "10.8.7.0/24"
                ],
                "default_outbound_access_enabled": true,
                "delegation": [],
                "id": "/subscriptions/6a6991ac-13fa-4cad-8cb4-87d94302dd32/resourceGroups/surajABC/providers/Microsoft.Network/virtualNetworks/tf_vnet_suraj/subnets/surajsubnet-1",
                "name": "surajsubnet-1",
                "private_endpoint_network_policies": "Disabled",
                "private_link_service_network_policies_enabled": true,
                "route_table_id": "",
                "security_group": "",
                "service_endpoint_policy_ids": [],
                "service_endpoints": []
              },
              {
                "address_prefixes": [
                  "10.8.8.0/24"
                ],
                "default_outbound_access_enabled": true,
                "delegation": [],
                "id": "/subscriptions/6a6991ac-13fa-4cad-8cb4-87d94302dd32/resourceGroups/surajABC/providers/Microsoft.Network/virtualNetworks/tf_vnet_suraj/subnets/surajsubnet-2",
                "name": "surajsubnet-2",
                "private_endpoint_network_policies": "Disabled",
                "private_link_service_network_policies_enabled": true,
                "route_table_id": "",
                "security_group": "",
                "service_endpoint_policy_ids": [],
                "service_endpoints": []
              }
            ],
            "tags": {},
            "timeouts": null
          },
          "sensitive_attributes": [],
          "identity_schema_version": 0,
          "identity": {
            "name": "tf_vnet_suraj",
            "resource_group_name": "surajABC",
            "subscription_id": "6a6991ac-13fa-4cad-8cb4-87d94302dd32"
          },
          "private": "eyJlMmJmYjczMC1lY2FhLTExZTYtOGY4OC0zNDM2M2JjN2M0YzAiOnsiY3JlYXRlIjoxODAwMDAwMDAwMDAwLCJkZWxldGUiOjE4MDAwMDAwMDAwMDAsInJlYWQiOjMwMDAwMDAwMDAwMCwidXBkYXRlIjoxODAwMDAwMDAwMDAwfX0=",
          "dependencies": [
            "azurerm_resource_group.rg"
          ]
        }
      ]
    }
  ],
  "check_results": null
}
